// !$*UTF8*$!
{
	archiveVersion = 1;
	classes = {
	};
	objectVersion = 56;
	objects = {

/* Begin PBXBuildFile section */
		F75FF3392C9AB36300FEB9DC /* SubscribedView.swift in Sources */ = {isa = PBXBuildFile; fileRef = F75FF3382C9AB36300FEB9DC /* SubscribedView.swift */; };
		F75FF33C2C9ABD5E00FEB9DC /* Lottie in Frameworks */ = {isa = PBXBuildFile; productRef = F75FF33B2C9ABD5E00FEB9DC /* Lottie */; };
		F75FF33E2C9ABD8900FEB9DC /* LottieView.swift in Sources */ = {isa = PBXBuildFile; fileRef = F75FF33D2C9ABD8800FEB9DC /* LottieView.swift */; };
		F75FF3402C9ABDC100FEB9DC /* congratsBlast.json in Resources */ = {isa = PBXBuildFile; fileRef = F75FF33F2C9ABDC100FEB9DC /* congratsBlast.json */; };
		F75FF3422C9AEDF500FEB9DC /* HomePage.swift in Sources */ = {isa = PBXBuildFile; fileRef = F75FF3412C9AEDF500FEB9DC /* HomePage.swift */; };
		F75FF3442C9AF60A00FEB9DC /* EnvironmentObject.swift in Sources */ = {isa = PBXBuildFile; fileRef = F75FF3432C9AF60A00FEB9DC /* EnvironmentObject.swift */; };
		F7A9F6502C90296A0097733E /* IAPurchaseError.swift in Sources */ = {isa = PBXBuildFile; fileRef = F7A9F64F2C90296A0097733E /* IAPurchaseError.swift */; };
		F7A9F6522C9061790097733E /* IAPView.swift in Sources */ = {isa = PBXBuildFile; fileRef = F7A9F6512C9061790097733E /* IAPView.swift */; };
		F7A9F6542C9065A70097733E /* SubscriptionOptionView.swift in Sources */ = {isa = PBXBuildFile; fileRef = F7A9F6532C9065A70097733E /* SubscriptionOptionView.swift */; };
		F7A9F6562C919FA30097733E /* SubscriptionOptionViewModel.swift in Sources */ = {isa = PBXBuildFile; fileRef = F7A9F6552C919FA30097733E /* SubscriptionOptionViewModel.swift */; };
		F7A9F65A2C91A5040097733E /* SubscriptionDataSource.swift in Sources */ = {isa = PBXBuildFile; fileRef = F7A9F6592C91A5040097733E /* SubscriptionDataSource.swift */; };
		F7A9F65E2C91D2450097733E /* InAppProduct.swift in Sources */ = {isa = PBXBuildFile; fileRef = F7A9F65D2C91D2450097733E /* InAppProduct.swift */; };
		F7EA5ECC2C90173B004AA5CC /* In_AppPurchaseDemoApp.swift in Sources */ = {isa = PBXBuildFile; fileRef = F7EA5ECB2C90173B004AA5CC /* In_AppPurchaseDemoApp.swift */; };
		F7EA5ECE2C90173B004AA5CC /* ContentView.swift in Sources */ = {isa = PBXBuildFile; fileRef = F7EA5ECD2C90173B004AA5CC /* ContentView.swift */; };
		F7EA5ED02C90173D004AA5CC /* Assets.xcassets in Resources */ = {isa = PBXBuildFile; fileRef = F7EA5ECF2C90173D004AA5CC /* Assets.xcassets */; };
		F7EA5ED32C90173D004AA5CC /* Preview Assets.xcassets in Resources */ = {isa = PBXBuildFile; fileRef = F7EA5ED22C90173D004AA5CC /* Preview Assets.xcassets */; };
		F7EA5EDA2C90175D004AA5CC /* IAPViewModel.swift in Sources */ = {isa = PBXBuildFile; fileRef = F7EA5ED92C90175D004AA5CC /* IAPViewModel.swift */; };
		F7EA5EDC2C901782004AA5CC /* NetworkManager.swift in Sources */ = {isa = PBXBuildFile; fileRef = F7EA5EDB2C901782004AA5CC /* NetworkManager.swift */; };
		F7EA5EDE2C90179B004AA5CC /* CoinManager.swift in Sources */ = {isa = PBXBuildFile; fileRef = F7EA5EDD2C90179B004AA5CC /* CoinManager.swift */; };
		F7EA5EE02C9017B7004AA5CC /* PersistentStorage.swift in Sources */ = {isa = PBXBuildFile; fileRef = F7EA5EDF2C9017B7004AA5CC /* PersistentStorage.swift */; };
		F7EA5EE32C9017EE004AA5CC /* IAPViewModelTests.swift in Sources */ = {isa = PBXBuildFile; fileRef = F7EA5EE22C9017EE004AA5CC /* IAPViewModelTests.swift */; };
		F7EA5EE52C90182A004AA5CC /* IntegrationTesting.swift in Sources */ = {isa = PBXBuildFile; fileRef = F7EA5EE42C90182A004AA5CC /* IntegrationTesting.swift */; };
		F7EA5EE72C901845004AA5CC /* UITests.swift in Sources */ = {isa = PBXBuildFile; fileRef = F7EA5EE62C901845004AA5CC /* UITests.swift */; };
		F7EA5EEC2C901F44004AA5CC /* KeyChainManager.swift in Sources */ = {isa = PBXBuildFile; fileRef = F7EA5EEB2C901F44004AA5CC /* KeyChainManager.swift */; };
/* End PBXBuildFile section */

/* Begin PBXFileReference section */
		F75FF3382C9AB36300FEB9DC /* SubscribedView.swift */ = {isa = PBXFileReference; lastKnownFileType = sourcecode.swift; path = SubscribedView.swift; sourceTree = "<group>"; };
		F75FF33D2C9ABD8800FEB9DC /* LottieView.swift */ = {isa = PBXFileReference; lastKnownFileType = sourcecode.swift; path = LottieView.swift; sourceTree = "<group>"; };
		F75FF33F2C9ABDC100FEB9DC /* congratsBlast.json */ = {isa = PBXFileReference; fileEncoding = 4; lastKnownFileType = text.json; path = congratsBlast.json; sourceTree = "<group>"; };
		F75FF3412C9AEDF500FEB9DC /* HomePage.swift */ = {isa = PBXFileReference; lastKnownFileType = sourcecode.swift; path = HomePage.swift; sourceTree = "<group>"; };
		F75FF3432C9AF60A00FEB9DC /* EnvironmentObject.swift */ = {isa = PBXFileReference; lastKnownFileType = sourcecode.swift; path = EnvironmentObject.swift; sourceTree = "<group>"; };
		F7A9F64F2C90296A0097733E /* IAPurchaseError.swift */ = {isa = PBXFileReference; lastKnownFileType = sourcecode.swift; path = IAPurchaseError.swift; sourceTree = "<group>"; };
		F7A9F6512C9061790097733E /* IAPView.swift */ = {isa = PBXFileReference; lastKnownFileType = sourcecode.swift; path = IAPView.swift; sourceTree = "<group>"; };
		F7A9F6532C9065A70097733E /* SubscriptionOptionView.swift */ = {isa = PBXFileReference; lastKnownFileType = sourcecode.swift; path = SubscriptionOptionView.swift; sourceTree = "<group>"; };
		F7A9F6552C919FA30097733E /* SubscriptionOptionViewModel.swift */ = {isa = PBXFileReference; lastKnownFileType = sourcecode.swift; path = SubscriptionOptionViewModel.swift; sourceTree = "<group>"; };
		F7A9F6592C91A5040097733E /* SubscriptionDataSource.swift */ = {isa = PBXFileReference; lastKnownFileType = sourcecode.swift; path = SubscriptionDataSource.swift; sourceTree = "<group>"; };
		F7A9F65D2C91D2450097733E /* InAppProduct.swift */ = {isa = PBXFileReference; lastKnownFileType = sourcecode.swift; path = InAppProduct.swift; sourceTree = "<group>"; };
		F7A9F65F2C92055B0097733E /* Product.storekit */ = {isa = PBXFileReference; lastKnownFileType = text; path = Product.storekit; sourceTree = "<group>"; };
		F7EA5EC82C90173B004AA5CC /* In-AppPurchaseDemo.app */ = {isa = PBXFileReference; explicitFileType = wrapper.application; includeInIndex = 0; path = "In-AppPurchaseDemo.app"; sourceTree = BUILT_PRODUCTS_DIR; };
		F7EA5ECB2C90173B004AA5CC /* In_AppPurchaseDemoApp.swift */ = {isa = PBXFileReference; lastKnownFileType = sourcecode.swift; path = In_AppPurchaseDemoApp.swift; sourceTree = "<group>"; };
		F7EA5ECD2C90173B004AA5CC /* ContentView.swift */ = {isa = PBXFileReference; lastKnownFileType = sourcecode.swift; path = ContentView.swift; sourceTree = "<group>"; };
		F7EA5ECF2C90173D004AA5CC /* Assets.xcassets */ = {isa = PBXFileReference; lastKnownFileType = folder.assetcatalog; path = Assets.xcassets; sourceTree = "<group>"; };
		F7EA5ED22C90173D004AA5CC /* Preview Assets.xcassets */ = {isa = PBXFileReference; lastKnownFileType = folder.assetcatalog; path = "Preview Assets.xcassets"; sourceTree = "<group>"; };
		F7EA5ED92C90175D004AA5CC /* IAPViewModel.swift */ = {isa = PBXFileReference; lastKnownFileType = sourcecode.swift; path = IAPViewModel.swift; sourceTree = "<group>"; };
		F7EA5EDB2C901782004AA5CC /* NetworkManager.swift */ = {isa = PBXFileReference; lastKnownFileType = sourcecode.swift; path = NetworkManager.swift; sourceTree = "<group>"; };
		F7EA5EDD2C90179B004AA5CC /* CoinManager.swift */ = {isa = PBXFileReference; lastKnownFileType = sourcecode.swift; path = CoinManager.swift; sourceTree = "<group>"; };
		F7EA5EDF2C9017B7004AA5CC /* PersistentStorage.swift */ = {isa = PBXFileReference; lastKnownFileType = sourcecode.swift; path = PersistentStorage.swift; sourceTree = "<group>"; };
		F7EA5EE22C9017EE004AA5CC /* IAPViewModelTests.swift */ = {isa = PBXFileReference; lastKnownFileType = sourcecode.swift; path = IAPViewModelTests.swift; sourceTree = "<group>"; };
		F7EA5EE42C90182A004AA5CC /* IntegrationTesting.swift */ = {isa = PBXFileReference; lastKnownFileType = sourcecode.swift; path = IntegrationTesting.swift; sourceTree = "<group>"; };
		F7EA5EE62C901845004AA5CC /* UITests.swift */ = {isa = PBXFileReference; lastKnownFileType = sourcecode.swift; path = UITests.swift; sourceTree = "<group>"; };
		F7EA5EEB2C901F44004AA5CC /* KeyChainManager.swift */ = {isa = PBXFileReference; lastKnownFileType = sourcecode.swift; path = KeyChainManager.swift; sourceTree = "<group>"; };
/* End PBXFileReference section */

/* Begin PBXFrameworksBuildPhase section */
		F7EA5EC52C90173B004AA5CC /* Frameworks */ = {
			isa = PBXFrameworksBuildPhase;
			buildActionMask = 2147483647;
			files = (
				F75FF33C2C9ABD5E00FEB9DC /* Lottie in Frameworks */,
			);
			runOnlyForDeploymentPostprocessing = 0;
		};
/* End PBXFrameworksBuildPhase section */

/* Begin PBXGroup section */
		F7EA5EBF2C90173B004AA5CC = {
			isa = PBXGroup;
			children = (
				F7EA5ECA2C90173B004AA5CC /* In-AppPurchaseDemo */,
				F7EA5EC92C90173B004AA5CC /* Products */,
			);
			sourceTree = "<group>";
		};
		F7EA5EC92C90173B004AA5CC /* Products */ = {
			isa = PBXGroup;
			children = (
				F7EA5EC82C90173B004AA5CC /* In-AppPurchaseDemo.app */,
			);
			name = Products;
			sourceTree = "<group>";
		};
		F7EA5ECA2C90173B004AA5CC /* In-AppPurchaseDemo */ = {
			isa = PBXGroup;
			children = (
				F7A9F65F2C92055B0097733E /* Product.storekit */,
				F7EA5EE12C9017D4004AA5CC /* Testing */,
				F7EA5ECB2C90173B004AA5CC /* In_AppPurchaseDemoApp.swift */,
				F7EA5ECD2C90173B004AA5CC /* ContentView.swift */,
				F7EA5ECF2C90173D004AA5CC /* Assets.xcassets */,
				F7EA5ED12C90173D004AA5CC /* Preview Content */,
				F7EA5ED92C90175D004AA5CC /* IAPViewModel.swift */,
				F7EA5EDB2C901782004AA5CC /* NetworkManager.swift */,
				F75FF3382C9AB36300FEB9DC /* SubscribedView.swift */,
				F7EA5EDD2C90179B004AA5CC /* CoinManager.swift */,
				F75FF33F2C9ABDC100FEB9DC /* congratsBlast.json */,
				F7EA5EDF2C9017B7004AA5CC /* PersistentStorage.swift */,
				F7EA5EEB2C901F44004AA5CC /* KeyChainManager.swift */,
				F7A9F64F2C90296A0097733E /* IAPurchaseError.swift */,
				F7A9F6532C9065A70097733E /* SubscriptionOptionView.swift */,
				F7A9F6552C919FA30097733E /* SubscriptionOptionViewModel.swift */,
				F7A9F6592C91A5040097733E /* SubscriptionDataSource.swift */,
				F7A9F6512C9061790097733E /* IAPView.swift */,
				F7A9F65D2C91D2450097733E /* InAppProduct.swift */,
				F75FF33D2C9ABD8800FEB9DC /* LottieView.swift */,
				F75FF3412C9AEDF500FEB9DC /* HomePage.swift */,
				F75FF3432C9AF60A00FEB9DC /* EnvironmentObject.swift */,
			);
			path = "In-AppPurchaseDemo";
			sourceTree = "<group>";
		};
		F7EA5ED12C90173D004AA5CC /* Preview Content */ = {
			isa = PBXGroup;
			children = (
				F7EA5ED22C90173D004AA5CC /* Preview Assets.xcassets */,
			);
			path = "Preview Content";
			sourceTree = "<group>";
		};
		F7EA5EE12C9017D4004AA5CC /* Testing */ = {
			isa = PBXGroup;
			children = (
				F7EA5EE22C9017EE004AA5CC /* IAPViewModelTests.swift */,
				F7EA5EE42C90182A004AA5CC /* IntegrationTesting.swift */,
				F7EA5EE62C901845004AA5CC /* UITests.swift */,
			);
			path = Testing;
			sourceTree = "<group>";
		};
/* End PBXGroup section */

/* Begin PBXNativeTarget section */
		F7EA5EC72C90173B004AA5CC /* In-AppPurchaseDemo */ = {
			isa = PBXNativeTarget;
			buildConfigurationList = F7EA5ED62C90173D004AA5CC /* Build configuration list for PBXNativeTarget "In-AppPurchaseDemo" */;
			buildPhases = (
				F7EA5EC42C90173B004AA5CC /* Sources */,
				F7EA5EC52C90173B004AA5CC /* Frameworks */,
				F7EA5EC62C90173B004AA5CC /* Resources */,
			);
			buildRules = (
			);
			dependencies = (
			);
			name = "In-AppPurchaseDemo";
			packageProductDependencies = (
				F75FF33B2C9ABD5E00FEB9DC /* Lottie */,
			);
			productName = "In-AppPurchaseDemo";
			productReference = F7EA5EC82C90173B004AA5CC /* In-AppPurchaseDemo.app */;
			productType = "com.apple.product-type.application";
		};
/* End PBXNativeTarget section */

/* Begin PBXProject section */
		F7EA5EC02C90173B004AA5CC /* Project object */ = {
			isa = PBXProject;
			attributes = {
				BuildIndependentTargetsInParallel = 1;
				LastSwiftUpdateCheck = 1520;
				LastUpgradeCheck = 1520;
				TargetAttributes = {
					F7EA5EC72C90173B004AA5CC = {
						CreatedOnToolsVersion = 15.2;
					};
				};
			};
			buildConfigurationList = F7EA5EC32C90173B004AA5CC /* Build configuration list for PBXProject "In-AppPurchaseDemo" */;
			compatibilityVersion = "Xcode 14.0";
			developmentRegion = en;
			hasScannedForEncodings = 0;
			knownRegions = (
				en,
				Base,
			);
			mainGroup = F7EA5EBF2C90173B004AA5CC;
			packageReferences = (
				F75FF33A2C9ABD5E00FEB9DC /* XCRemoteSwiftPackageReference "lottie-spm" */,
			);
			productRefGroup = F7EA5EC92C90173B004AA5CC /* Products */;
			projectDirPath = "";
			projectRoot = "";
			targets = (
				F7EA5EC72C90173B004AA5CC /* In-AppPurchaseDemo */,
			);
		};
/* End PBXProject section */

/* Begin PBXResourcesBuildPhase section */
		F7EA5EC62C90173B004AA5CC /* Resources */ = {
			isa = PBXResourcesBuildPhase;
			buildActionMask = 2147483647;
			files = (
				F75FF3402C9ABDC100FEB9DC /* congratsBlast.json in Resources */,
				F7EA5ED32C90173D004AA5CC /* Preview Assets.xcassets in Resources */,
				F7EA5ED02C90173D004AA5CC /* Assets.xcassets in Resources */,
			);
			runOnlyForDeploymentPostprocessing = 0;
		};
/* End PBXResourcesBuildPhase section */

/* Begin PBXSourcesBuildPhase section */
		F7EA5EC42C90173B004AA5CC /* Sources */ = {
			isa = PBXSourcesBuildPhase;
			buildActionMask = 2147483647;
			files = (
				F75FF3392C9AB36300FEB9DC /* SubscribedView.swift in Sources */,
				F7EA5EE02C9017B7004AA5CC /* PersistentStorage.swift in Sources */,
				F7EA5EDC2C901782004AA5CC /* NetworkManager.swift in Sources */,
				F7A9F6522C9061790097733E /* IAPView.swift in Sources */,
				F7EA5EDA2C90175D004AA5CC /* IAPViewModel.swift in Sources */,
				F7A9F6502C90296A0097733E /* IAPurchaseError.swift in Sources */,
				F7A9F65E2C91D2450097733E /* InAppProduct.swift in Sources */,
				F7A9F6542C9065A70097733E /* SubscriptionOptionView.swift in Sources */,
				F75FF3422C9AEDF500FEB9DC /* HomePage.swift in Sources */,
				F7EA5EEC2C901F44004AA5CC /* KeyChainManager.swift in Sources */,
				F75FF3442C9AF60A00FEB9DC /* EnvironmentObject.swift in Sources */,
				F7A9F65A2C91A5040097733E /* SubscriptionDataSource.swift in Sources */,
				F7EA5EE32C9017EE004AA5CC /* IAPViewModelTests.swift in Sources */,
				F75FF33E2C9ABD8900FEB9DC /* LottieView.swift in Sources */,
				F7EA5ECE2C90173B004AA5CC /* ContentView.swift in Sources */,
				F7A9F6562C919FA30097733E /* SubscriptionOptionViewModel.swift in Sources */,
				F7EA5EE52C90182A004AA5CC /* IntegrationTesting.swift in Sources */,
				F7EA5ECC2C90173B004AA5CC /* In_AppPurchaseDemoApp.swift in Sources */,
				F7EA5EE72C901845004AA5CC /* UITests.swift in Sources */,
				F7EA5EDE2C90179B004AA5CC /* CoinManager.swift in Sources */,
			);
			runOnlyForDeploymentPostprocessing = 0;
		};
/* End PBXSourcesBuildPhase section */

/* Begin XCBuildConfiguration section */
		F7EA5ED42C90173D004AA5CC /* Debug */ = {
			isa = XCBuildConfiguration;
			buildSettings = {
				ALWAYS_SEARCH_USER_PATHS = NO;
				ASSETCATALOG_COMPILER_GENERATE_SWIFT_ASSET_SYMBOL_EXTENSIONS = YES;
				CLANG_ANALYZER_NONNULL = YES;
				CLANG_ANALYZER_NUMBER_OBJECT_CONVERSION = YES_AGGRESSIVE;
				CLANG_CXX_LANGUAGE_STANDARD = "gnu++20";
				CLANG_ENABLE_MODULES = YES;
				CLANG_ENABLE_OBJC_ARC = YES;
				CLANG_ENABLE_OBJC_WEAK = YES;
				CLANG_WARN_BLOCK_CAPTURE_AUTORELEASING = YES;
				CLANG_WARN_BOOL_CONVERSION = YES;
				CLANG_WARN_COMMA = YES;
				CLANG_WARN_CONSTANT_CONVERSION = YES;
				CLANG_WARN_DEPRECATED_OBJC_IMPLEMENTATIONS = YES;
				CLANG_WARN_DIRECT_OBJC_ISA_USAGE = YES_ERROR;
				CLANG_WARN_DOCUMENTATION_COMMENTS = YES;
				CLANG_WARN_EMPTY_BODY = YES;
				CLANG_WARN_ENUM_CONVERSION = YES;
				CLANG_WARN_INFINITE_RECURSION = YES;
				CLANG_WARN_INT_CONVERSION = YES;
				CLANG_WARN_NON_LITERAL_NULL_CONVERSION = YES;
				CLANG_WARN_OBJC_IMPLICIT_RETAIN_SELF = YES;
				CLANG_WARN_OBJC_LITERAL_CONVERSION = YES;
				CLANG_WARN_OBJC_ROOT_CLASS = YES_ERROR;
				CLANG_WARN_QUOTED_INCLUDE_IN_FRAMEWORK_HEADER = YES;
				CLANG_WARN_RANGE_LOOP_ANALYSIS = YES;
				CLANG_WARN_STRICT_PROTOTYPES = YES;
				CLANG_WARN_SUSPICIOUS_MOVE = YES;
				CLANG_WARN_UNGUARDED_AVAILABILITY = YES_AGGRESSIVE;
				CLANG_WARN_UNREACHABLE_CODE = YES;
				CLANG_WARN__DUPLICATE_METHOD_MATCH = YES;
				COPY_PHASE_STRIP = NO;
				DEBUG_INFORMATION_FORMAT = dwarf;
				ENABLE_STRICT_OBJC_MSGSEND = YES;
				ENABLE_TESTABILITY = YES;
				ENABLE_USER_SCRIPT_SANDBOXING = YES;
				GCC_C_LANGUAGE_STANDARD = gnu17;
				GCC_DYNAMIC_NO_PIC = NO;
				GCC_NO_COMMON_BLOCKS = YES;
				GCC_OPTIMIZATION_LEVEL = 0;
				GCC_PREPROCESSOR_DEFINITIONS = (
					"DEBUG=1",
					"$(inherited)",
				);
				GCC_WARN_64_TO_32_BIT_CONVERSION = YES;
				GCC_WARN_ABOUT_RETURN_TYPE = YES_ERROR;
				GCC_WARN_UNDECLARED_SELECTOR = YES;
				GCC_WARN_UNINITIALIZED_AUTOS = YES_AGGRESSIVE;
				GCC_WARN_UNUSED_FUNCTION = YES;
				GCC_WARN_UNUSED_VARIABLE = YES;
				IPHONEOS_DEPLOYMENT_TARGET = 17.2;
				LOCALIZATION_PREFERS_STRING_CATALOGS = YES;
				MTL_ENABLE_DEBUG_INFO = INCLUDE_SOURCE;
				MTL_FAST_MATH = YES;
				ONLY_ACTIVE_ARCH = YES;
				SDKROOT = iphoneos;
				SWIFT_ACTIVE_COMPILATION_CONDITIONS = "DEBUG $(inherited)";
				SWIFT_OPTIMIZATION_LEVEL = "-Onone";
			};
			name = Debug;
		};
		F7EA5ED52C90173D004AA5CC /* Release */ = {
			isa = XCBuildConfiguration;
			buildSettings = {
				ALWAYS_SEARCH_USER_PATHS = NO;
				ASSETCATALOG_COMPILER_GENERATE_SWIFT_ASSET_SYMBOL_EXTENSIONS = YES;
				CLANG_ANALYZER_NONNULL = YES;
				CLANG_ANALYZER_NUMBER_OBJECT_CONVERSION = YES_AGGRESSIVE;
				CLANG_CXX_LANGUAGE_STANDARD = "gnu++20";
				CLANG_ENABLE_MODULES = YES;
				CLANG_ENABLE_OBJC_ARC = YES;
				CLANG_ENABLE_OBJC_WEAK = YES;
				CLANG_WARN_BLOCK_CAPTURE_AUTORELEASING = YES;
				CLANG_WARN_BOOL_CONVERSION = YES;
				CLANG_WARN_COMMA = YES;
				CLANG_WARN_CONSTANT_CONVERSION = YES;
				CLANG_WARN_DEPRECATED_OBJC_IMPLEMENTATIONS = YES;
				CLANG_WARN_DIRECT_OBJC_ISA_USAGE = YES_ERROR;
				CLANG_WARN_DOCUMENTATION_COMMENTS = YES;
				CLANG_WARN_EMPTY_BODY = YES;
				CLANG_WARN_ENUM_CONVERSION = YES;
				CLANG_WARN_INFINITE_RECURSION = YES;
				CLANG_WARN_INT_CONVERSION = YES;
				CLANG_WARN_NON_LITERAL_NULL_CONVERSION = YES;
				CLANG_WARN_OBJC_IMPLICIT_RETAIN_SELF = YES;
				CLANG_WARN_OBJC_LITERAL_CONVERSION = YES;
				CLANG_WARN_OBJC_ROOT_CLASS = YES_ERROR;
				CLANG_WARN_QUOTED_INCLUDE_IN_FRAMEWORK_HEADER = YES;
				CLANG_WARN_RANGE_LOOP_ANALYSIS = YES;
				CLANG_WARN_STRICT_PROTOTYPES = YES;
				CLANG_WARN_SUSPICIOUS_MOVE = YES;
				CLANG_WARN_UNGUARDED_AVAILABILITY = YES_AGGRESSIVE;
				CLANG_WARN_UNREACHABLE_CODE = YES;
				CLANG_WARN__DUPLICATE_METHOD_MATCH = YES;
				COPY_PHASE_STRIP = NO;
				DEBUG_INFORMATION_FORMAT = "dwarf-with-dsym";
				ENABLE_NS_ASSERTIONS = NO;
				ENABLE_STRICT_OBJC_MSGSEND = YES;
				ENABLE_USER_SCRIPT_SANDBOXING = YES;
				GCC_C_LANGUAGE_STANDARD = gnu17;
				GCC_NO_COMMON_BLOCKS = YES;
				GCC_WARN_64_TO_32_BIT_CONVERSION = YES;
				GCC_WARN_ABOUT_RETURN_TYPE = YES_ERROR;
				GCC_WARN_UNDECLARED_SELECTOR = YES;
				GCC_WARN_UNINITIALIZED_AUTOS = YES_AGGRESSIVE;
				GCC_WARN_UNUSED_FUNCTION = YES;
				GCC_WARN_UNUSED_VARIABLE = YES;
				IPHONEOS_DEPLOYMENT_TARGET = 17.2;
				LOCALIZATION_PREFERS_STRING_CATALOGS = YES;
				MTL_ENABLE_DEBUG_INFO = NO;
				MTL_FAST_MATH = YES;
				SDKROOT = iphoneos;
				SWIFT_COMPILATION_MODE = wholemodule;
				VALIDATE_PRODUCT = YES;
			};
			name = Release;
		};
		F7EA5ED72C90173D004AA5CC /* Debug */ = {
			isa = XCBuildConfiguration;
			buildSettings = {
				ASSETCATALOG_COMPILER_APPICON_NAME = AppIcon;
				ASSETCATALOG_COMPILER_GLOBAL_ACCENT_COLOR_NAME = AccentColor;
				CODE_SIGN_STYLE = Automatic;
				CURRENT_PROJECT_VERSION = 1;
				DEVELOPMENT_ASSET_PATHS = "\"In-AppPurchaseDemo/Preview Content\"";
				DEVELOPMENT_TEAM = 6RRUPQTV3Q;
				ENABLE_PREVIEWS = YES;
				GENERATE_INFOPLIST_FILE = YES;
				INFOPLIST_KEY_UIApplicationSceneManifest_Generation = YES;
				INFOPLIST_KEY_UIApplicationSupportsIndirectInputEvents = YES;
				INFOPLIST_KEY_UILaunchScreen_Generation = YES;
				INFOPLIST_KEY_UISupportedInterfaceOrientations_iPad = "UIInterfaceOrientationPortrait UIInterfaceOrientationPortraitUpsideDown UIInterfaceOrientationLandscapeLeft UIInterfaceOrientationLandscapeRight";
				INFOPLIST_KEY_UISupportedInterfaceOrientations_iPhone = "UIInterfaceOrientationPortrait UIInterfaceOrientationLandscapeLeft UIInterfaceOrientationLandscapeRight";
				IPHONEOS_DEPLOYMENT_TARGET = 15.0;
				LD_RUNPATH_SEARCH_PATHS = (
					"$(inherited)",
					"@executable_path/Frameworks",
				);
				MARKETING_VERSION = 1.0;
				PRODUCT_BUNDLE_IDENTIFIER = com.irisstudio.watermarkPre;
				PRODUCT_NAME = "$(TARGET_NAME)";
				SWIFT_EMIT_LOC_STRINGS = YES;
				SWIFT_VERSION = 5.0;
				TARGETED_DEVICE_FAMILY = "1,2";
			};
			name = Debug;
		};
		F7EA5ED82C90173D004AA5CC /* Release */ = {
			isa = XCBuildConfiguration;
			buildSettings = {
				ASSETCATALOG_COMPILER_APPICON_NAME = AppIcon;
				ASSETCATALOG_COMPILER_GLOBAL_ACCENT_COLOR_NAME = AccentColor;
				CODE_SIGN_STYLE = Automatic;
				CURRENT_PROJECT_VERSION = 1;
				DEVELOPMENT_ASSET_PATHS = "\"In-AppPurchaseDemo/Preview Content\"";
				DEVELOPMENT_TEAM = 6RRUPQTV3Q;
				ENABLE_PREVIEWS = YES;
				GENERATE_INFOPLIST_FILE = YES;
				INFOPLIST_KEY_UIApplicationSceneManifest_Generation = YES;
				INFOPLIST_KEY_UIApplicationSupportsIndirectInputEvents = YES;
				INFOPLIST_KEY_UILaunchScreen_Generation = YES;
				INFOPLIST_KEY_UISupportedInterfaceOrientations_iPad = "UIInterfaceOrientationPortrait UIInterfaceOrientationPortraitUpsideDown UIInterfaceOrientationLandscapeLeft UIInterfaceOrientationLandscapeRight";
				INFOPLIST_KEY_UISupportedInterfaceOrientations_iPhone = "UIInterfaceOrientationPortrait UIInterfaceOrientationLandscapeLeft UIInterfaceOrientationLandscapeRight";
				IPHONEOS_DEPLOYMENT_TARGET = 15.0;
				LD_RUNPATH_SEARCH_PATHS = (
					"$(inherited)",
					"@executable_path/Frameworks",
				);
				MARKETING_VERSION = 1.0;
				PRODUCT_BUNDLE_IDENTIFIER = com.irisstudio.watermarkPre;
				PRODUCT_NAME = "$(TARGET_NAME)";
				SWIFT_EMIT_LOC_STRINGS = YES;
				SWIFT_VERSION = 5.0;
				TARGETED_DEVICE_FAMILY = "1,2";
			};
			name = Release;
		};
/* End XCBuildConfiguration section */

/* Begin XCConfigurationList section */
		F7EA5EC32C90173B004AA5CC /* Build configuration list for PBXProject "In-AppPurchaseDemo" */ = {
			isa = XCConfigurationList;
			buildConfigurations = (
				F7EA5ED42C90173D004AA5CC /* Debug */,
				F7EA5ED52C90173D004AA5CC /* Release */,
			);
			defaultConfigurationIsVisible = 0;
			defaultConfigurationName = Release;
		};
		F7EA5ED62C90173D004AA5CC /* Build configuration list for PBXNativeTarget "In-AppPurchaseDemo" */ = {
			isa = XCConfigurationList;
			buildConfigurations = (
				F7EA5ED72C90173D004AA5CC /* Debug */,
				F7EA5ED82C90173D004AA5CC /* Release */,
			);
			defaultConfigurationIsVisible = 0;
			defaultConfigurationName = Release;
		};
/* End XCConfigurationList section */

/* Begin XCRemoteSwiftPackageReference section */
		F75FF33A2C9ABD5E00FEB9DC /* XCRemoteSwiftPackageReference "lottie-spm" */ = {
			isa = XCRemoteSwiftPackageReference;
			repositoryURL = "https://github.com/airbnb/lottie-spm.git";
			requirement = {
				kind = upToNextMajorVersion;
				minimumVersion = 4.5.0;
			};
		};
/* End XCRemoteSwiftPackageReference section */

/* Begin XCSwiftPackageProductDependency section */
		F75FF33B2C9ABD5E00FEB9DC /* Lottie */ = {
			isa = XCSwiftPackageProductDependency;
			package = F75FF33A2C9ABD5E00FEB9DC /* XCRemoteSwiftPackageReference "lottie-spm" */;
			productName = Lottie;
		};
/* End XCSwiftPackageProductDependency section */
	};
	rootObject = F7EA5EC02C90173B004AA5CC /* Project object */;
}
